
Microsoft Visual Studio Solution File, Format Version 12.00
# Visual Studio Version 16
VisualStudioVersion = 16.0.29411.108
MinimumVisualStudioVersion = 10.0.40219.1
Project("{FAE04EC0-301F-11D3-BF4B-00C04F79EFBC}") = "01 - ClassExamples", "ClassExamples\01 - ClassExamples.csproj", "{E7DEA09A-B5A3-426D-AD42-A8851D2A8F41}"
EndProject
Project("{FAE04EC0-301F-11D3-BF4B-00C04F79EFBC}") = "02 - ClassMethods", "ClassMethods\02 - ClassMethods.csproj", "{7D3BBDE9-821B-4B21-BE4B-C201D1B77144}"
EndProject
Project("{FAE04EC0-301F-11D3-BF4B-00C04F79EFBC}") = "03 - FieldsAndProperties", "FieldsAndProperties\03 - FieldsAndProperties.csproj", "{28762A0B-0CDC-4026-A822-27B70CBD3B69}"
EndProject
Project("{FAE04EC0-301F-11D3-BF4B-00C04F79EFBC}") = "04 - Constructors", "Constructors\04 - Constructors.csproj", "{4B3F44A9-3105-490D-A736-424B3F9A61C1}"
EndProject
Project("{FAE04EC0-301F-11D3-BF4B-00C04F79EFBC}") = "05 - Encapsulation", "Encapsulation\05 - Encapsulation.csproj", "{BC1F2EE2-58D0-4118-9757-2ADF0AA39B5E}"
EndProject
Project("{FAE04EC0-301F-11D3-BF4B-00C04F79EFBC}") = "06 - StaticFieldsPropertiesAndMethods", "StaticFieldsPropertiesAndMethods\06 - StaticFieldsPropertiesAndMethods.csproj", "{1EA4C752-9D90-40AA-A386-4E599828E949}"
EndProject
Global
	GlobalSection(SolutionConfigurationPlatforms) = preSolution
		Debug|Any CPU = Debug|Any CPU
		Release|Any CPU = Release|Any CPU
	EndGlobalSection
	GlobalSection(ProjectConfigurationPlatforms) = postSolution
		{E7DEA09A-B5A3-426D-AD42-A8851D2A8F41}.Debug|Any CPU.ActiveCfg = Debug|Any CPU
		{E7DEA09A-B5A3-426D-AD42-A8851D2A8F41}.Debug|Any CPU.Build.0 = Debug|Any CPU
		{E7DEA09A-B5A3-426D-AD42-A8851D2A8F41}.Release|Any CPU.ActiveCfg = Release|Any CPU
		{E7DEA09A-B5A3-426D-AD42-A8851D2A8F41}.Release|Any CPU.Build.0 = Release|Any CPU
		{7D3BBDE9-821B-4B21-BE4B-C201D1B77144}.Debug|Any CPU.ActiveCfg = Debug|Any CPU
		{7D3BBDE9-821B-4B21-BE4B-C201D1B77144}.Debug|Any CPU.Build.0 = Debug|Any CPU
		{7D3BBDE9-821B-4B21-BE4B-C201D1B77144}.Release|Any CPU.ActiveCfg = Release|Any CPU
		{7D3BBDE9-821B-4B21-BE4B-C201D1B77144}.Release|Any CPU.Build.0 = Release|Any CPU
		{28762A0B-0CDC-4026-A822-27B70CBD3B69}.Debug|Any CPU.ActiveCfg = Debug|Any CPU
		{28762A0B-0CDC-4026-A822-27B70CBD3B69}.Debug|Any CPU.Build.0 = Debug|Any CPU
		{28762A0B-0CDC-4026-A822-27B70CBD3B69}.Release|Any CPU.ActiveCfg = Release|Any CPU
		{28762A0B-0CDC-4026-A822-27B70CBD3B69}.Release|Any CPU.Build.0 = Release|Any CPU
		{4B3F44A9-3105-490D-A736-424B3F9A61C1}.Debug|Any CPU.ActiveCfg = Debug|Any CPU
		{4B3F44A9-3105-490D-A736-424B3F9A61C1}.Debug|Any CPU.Build.0 = Debug|Any CPU
		{4B3F44A9-3105-490D-A736-424B3F9A61C1}.Release|Any CPU.ActiveCfg = Release|Any CPU
		{4B3F44A9-3105-490D-A736-424B3F9A61C1}.Release|Any CPU.Build.0 = Release|Any CPU
		{BC1F2EE2-58D0-4118-9757-2ADF0AA39B5E}.Debug|Any CPU.ActiveCfg = Debug|Any CPU
		{BC1F2EE2-58D0-4118-9757-2ADF0AA39B5E}.Debug|Any CPU.Build.0 = Debug|Any CPU
		{BC1F2EE2-58D0-4118-9757-2ADF0AA39B5E}.Release|Any CPU.ActiveCfg = Release|Any CPU
		{BC1F2EE2-58D0-4118-9757-2ADF0AA39B5E}.Release|Any CPU.Build.0 = Release|Any CPU
		{1EA4C752-9D90-40AA-A386-4E599828E949}.Debug|Any CPU.ActiveCfg = Debug|Any CPU
		{1EA4C752-9D90-40AA-A386-4E599828E949}.Debug|Any CPU.Build.0 = Debug|Any CPU
		{1EA4C752-9D90-40AA-A386-4E599828E949}.Release|Any CPU.ActiveCfg = Release|Any CPU
		{1EA4C752-9D90-40AA-A386-4E599828E949}.Release|Any CPU.Build.0 = Release|Any CPU
	EndGlobalSection
	GlobalSection(SolutionProperties) = preSolution
		HideSolutionNode = FALSE
	EndGlobalSection
	GlobalSection(ExtensibilityGlobals) = postSolution
		SolutionGuid = {FECEBD23-0D10-499F-98B7-582CF359407C}
	EndGlobalSection
EndGlobal
