
Microsoft Visual Studio Solution File, Format Version 12.00
# Visual Studio Version 16
VisualStudioVersion = 16.0.29411.108
MinimumVisualStudioVersion = 10.0.40219.1
Project("{FAE04EC0-301F-11D3-BF4B-00C04F79EFBC}") = "Arrays", "Arrays\Arrays.csproj", "{EDB1EF10-3AB7-48E8-A07E-E34605103A8B}"
EndProject
Project("{FAE04EC0-301F-11D3-BF4B-00C04F79EFBC}") = "Lists", "Lists\Lists.csproj", "{65496250-90B4-42AE-BA28-AD9384C19630}"
EndProject
Project("{FAE04EC0-301F-11D3-BF4B-00C04F79EFBC}") = "ArrayExercises", "ArrayExercises\ArrayExercises.csproj", "{6C24057A-951A-43D4-A082-71272FFD0C78}"
EndProject
Project("{FAE04EC0-301F-11D3-BF4B-00C04F79EFBC}") = "MultidimensionalArrays", "MultidimensionalArrays\MultidimensionalArrays.csproj", "{80049A06-43F8-43DD-8EDB-3DA8CDC944B5}"
EndProject
Project("{FAE04EC0-301F-11D3-BF4B-00C04F79EFBC}") = "Dictionaries", "Dictionaries\Dictionaries.csproj", "{9523C484-D495-4F02-9221-1B6166628770}"
EndProject
Project("{FAE04EC0-301F-11D3-BF4B-00C04F79EFBC}") = "LinqAndLambda", "LinqAndLambda\LinqAndLambda.csproj", "{F898B2FB-B275-4FAC-A498-EBD0AEDB2C85}"
EndProject
Global
	GlobalSection(SolutionConfigurationPlatforms) = preSolution
		Debug|Any CPU = Debug|Any CPU
		Release|Any CPU = Release|Any CPU
	EndGlobalSection
	GlobalSection(ProjectConfigurationPlatforms) = postSolution
		{EDB1EF10-3AB7-48E8-A07E-E34605103A8B}.Debug|Any CPU.ActiveCfg = Debug|Any CPU
		{EDB1EF10-3AB7-48E8-A07E-E34605103A8B}.Debug|Any CPU.Build.0 = Debug|Any CPU
		{EDB1EF10-3AB7-48E8-A07E-E34605103A8B}.Release|Any CPU.ActiveCfg = Release|Any CPU
		{EDB1EF10-3AB7-48E8-A07E-E34605103A8B}.Release|Any CPU.Build.0 = Release|Any CPU
		{65496250-90B4-42AE-BA28-AD9384C19630}.Debug|Any CPU.ActiveCfg = Debug|Any CPU
		{65496250-90B4-42AE-BA28-AD9384C19630}.Debug|Any CPU.Build.0 = Debug|Any CPU
		{65496250-90B4-42AE-BA28-AD9384C19630}.Release|Any CPU.ActiveCfg = Release|Any CPU
		{65496250-90B4-42AE-BA28-AD9384C19630}.Release|Any CPU.Build.0 = Release|Any CPU
		{6C24057A-951A-43D4-A082-71272FFD0C78}.Debug|Any CPU.ActiveCfg = Debug|Any CPU
		{6C24057A-951A-43D4-A082-71272FFD0C78}.Debug|Any CPU.Build.0 = Debug|Any CPU
		{6C24057A-951A-43D4-A082-71272FFD0C78}.Release|Any CPU.ActiveCfg = Release|Any CPU
		{6C24057A-951A-43D4-A082-71272FFD0C78}.Release|Any CPU.Build.0 = Release|Any CPU
		{80049A06-43F8-43DD-8EDB-3DA8CDC944B5}.Debug|Any CPU.ActiveCfg = Debug|Any CPU
		{80049A06-43F8-43DD-8EDB-3DA8CDC944B5}.Debug|Any CPU.Build.0 = Debug|Any CPU
		{80049A06-43F8-43DD-8EDB-3DA8CDC944B5}.Release|Any CPU.ActiveCfg = Release|Any CPU
		{80049A06-43F8-43DD-8EDB-3DA8CDC944B5}.Release|Any CPU.Build.0 = Release|Any CPU
		{9523C484-D495-4F02-9221-1B6166628770}.Debug|Any CPU.ActiveCfg = Debug|Any CPU
		{9523C484-D495-4F02-9221-1B6166628770}.Debug|Any CPU.Build.0 = Debug|Any CPU
		{9523C484-D495-4F02-9221-1B6166628770}.Release|Any CPU.ActiveCfg = Release|Any CPU
		{9523C484-D495-4F02-9221-1B6166628770}.Release|Any CPU.Build.0 = Release|Any CPU
		{F898B2FB-B275-4FAC-A498-EBD0AEDB2C85}.Debug|Any CPU.ActiveCfg = Debug|Any CPU
		{F898B2FB-B275-4FAC-A498-EBD0AEDB2C85}.Debug|Any CPU.Build.0 = Debug|Any CPU
		{F898B2FB-B275-4FAC-A498-EBD0AEDB2C85}.Release|Any CPU.ActiveCfg = Release|Any CPU
		{F898B2FB-B275-4FAC-A498-EBD0AEDB2C85}.Release|Any CPU.Build.0 = Release|Any CPU
	EndGlobalSection
	GlobalSection(SolutionProperties) = preSolution
		HideSolutionNode = FALSE
	EndGlobalSection
	GlobalSection(ExtensibilityGlobals) = postSolution
		SolutionGuid = {AA28C041-E90D-42E3-8F3F-510A6C3CBE12}
	EndGlobalSection
EndGlobal
