
Microsoft Visual Studio Solution File, Format Version 12.00
# Visual Studio Version 16
VisualStudioVersion = 16.0.29411.108
MinimumVisualStudioVersion = 10.0.40219.1
Project("{FAE04EC0-301F-11D3-BF4B-00C04F79EFBC}") = "2020-01-10", "2020-01-10\2020-01-10.csproj", "{0AD236F3-40BD-4ABA-8118-0B2EB6FF1FEE}"
EndProject
Global
	GlobalSection(SolutionConfigurationPlatforms) = preSolution
		Debug|Any CPU = Debug|Any CPU
		Release|Any CPU = Release|Any CPU
	EndGlobalSection
	GlobalSection(ProjectConfigurationPlatforms) = postSolution
		{0AD236F3-40BD-4ABA-8118-0B2EB6FF1FEE}.Debug|Any CPU.ActiveCfg = Debug|Any CPU
		{0AD236F3-40BD-4ABA-8118-0B2EB6FF1FEE}.Debug|Any CPU.Build.0 = Debug|Any CPU
		{0AD236F3-40BD-4ABA-8118-0B2EB6FF1FEE}.Release|Any CPU.ActiveCfg = Release|Any CPU
		{0AD236F3-40BD-4ABA-8118-0B2EB6FF1FEE}.Release|Any CPU.Build.0 = Release|Any CPU
	EndGlobalSection
	GlobalSection(SolutionProperties) = preSolution
		HideSolutionNode = FALSE
	EndGlobalSection
	GlobalSection(ExtensibilityGlobals) = postSolution
		SolutionGuid = {9F5B4180-8147-44EE-B0E7-7D0A1A2416FC}
	EndGlobalSection
EndGlobal
